// !$*UTF8*$!
{
	archiveVersion = 1;
	classes = {
	};
	objectVersion = 56;
	objects = {

/* Begin PBXBuildFile section */
		FA5E85002ADF9BFB0025A10F /* Person+CoreDataClass.swift in Sources */ = {isa = PBXBuildFile; fileRef = FA5E84FE2ADF9BFB0025A10F /* Person+CoreDataClass.swift */; };
		FA5E85012ADF9BFB0025A10F /* Person+CoreDataProperties.swift in Sources */ = {isa = PBXBuildFile; fileRef = FA5E84FF2ADF9BFB0025A10F /* Person+CoreDataProperties.swift */; };
		FA5E85052ADFA0B40025A10F /* TableViewCell.swift in Sources */ = {isa = PBXBuildFile; fileRef = FA5E85042ADFA0B40025A10F /* TableViewCell.swift */; };
		FAF3DEA42AD3C1EE00125D48 /* AppDelegate.swift in Sources */ = {isa = PBXBuildFile; fileRef = FAF3DEA32AD3C1EE00125D48 /* AppDelegate.swift */; };
		FAF3DEA62AD3C1EE00125D48 /* SceneDelegate.swift in Sources */ = {isa = PBXBuildFile; fileRef = FAF3DEA52AD3C1EE00125D48 /* SceneDelegate.swift */; };
		FAF3DEA82AD3C1EE00125D48 /* ViewController.swift in Sources */ = {isa = PBXBuildFile; fileRef = FAF3DEA72AD3C1EE00125D48 /* ViewController.swift */; };
		FAF3DEAB2AD3C1EE00125D48 /* Main.storyboard in Resources */ = {isa = PBXBuildFile; fileRef = FAF3DEA92AD3C1EE00125D48 /* Main.storyboard */; };
		FAF3DEAE2AD3C1EE00125D48 /* CoreDataDemo_iOS.xcdatamodeld in Sources */ = {isa = PBXBuildFile; fileRef = FAF3DEAC2AD3C1EE00125D48 /* CoreDataDemo_iOS.xcdatamodeld */; };
		FAF3DEB02AD3C1F000125D48 /* Assets.xcassets in Resources */ = {isa = PBXBuildFile; fileRef = FAF3DEAF2AD3C1F000125D48 /* Assets.xcassets */; };
		FAF3DEB32AD3C1F000125D48 /* LaunchScreen.storyboard in Resources */ = {isa = PBXBuildFile; fileRef = FAF3DEB12AD3C1F000125D48 /* LaunchScreen.storyboard */; };
		FAF3DEBE2AD3C1F000125D48 /* CoreDataDemo_iOSTests.swift in Sources */ = {isa = PBXBuildFile; fileRef = FAF3DEBD2AD3C1F000125D48 /* CoreDataDemo_iOSTests.swift */; };
		FAF3DEC82AD3C1F000125D48 /* CoreDataDemo_iOSUITests.swift in Sources */ = {isa = PBXBuildFile; fileRef = FAF3DEC72AD3C1F000125D48 /* CoreDataDemo_iOSUITests.swift */; };
		FAF3DECA2AD3C1F000125D48 /* CoreDataDemo_iOSUITestsLaunchTests.swift in Sources */ = {isa = PBXBuildFile; fileRef = FAF3DEC92AD3C1F000125D48 /* CoreDataDemo_iOSUITestsLaunchTests.swift */; };
/* End PBXBuildFile section */

/* Begin PBXContainerItemProxy section */
		FAF3DEBA2AD3C1F000125D48 /* PBXContainerItemProxy */ = {
			isa = PBXContainerItemProxy;
			containerPortal = FAF3DE982AD3C1EE00125D48 /* Project object */;
			proxyType = 1;
			remoteGlobalIDString = FAF3DE9F2AD3C1EE00125D48;
			remoteInfo = "CoreDataDemo-iOS";
		};
		FAF3DEC42AD3C1F000125D48 /* PBXContainerItemProxy */ = {
			isa = PBXContainerItemProxy;
			containerPortal = FAF3DE982AD3C1EE00125D48 /* Project object */;
			proxyType = 1;
			remoteGlobalIDString = FAF3DE9F2AD3C1EE00125D48;
			remoteInfo = "CoreDataDemo-iOS";
		};
/* End PBXContainerItemProxy section */

/* Begin PBXFileReference section */
		FA5E84FE2ADF9BFB0025A10F /* Person+CoreDataClass.swift */ = {isa = PBXFileReference; lastKnownFileType = sourcecode.swift; path = "Person+CoreDataClass.swift"; sourceTree = "<group>"; };
		FA5E84FF2ADF9BFB0025A10F /* Person+CoreDataProperties.swift */ = {isa = PBXFileReference; lastKnownFileType = sourcecode.swift; path = "Person+CoreDataProperties.swift"; sourceTree = "<group>"; };
		FA5E85042ADFA0B40025A10F /* TableViewCell.swift */ = {isa = PBXFileReference; lastKnownFileType = sourcecode.swift; path = TableViewCell.swift; sourceTree = "<group>"; };
		FAF3DEA02AD3C1EE00125D48 /* CoreDataDemo-iOS.app */ = {isa = PBXFileReference; explicitFileType = wrapper.application; includeInIndex = 0; path = "CoreDataDemo-iOS.app"; sourceTree = BUILT_PRODUCTS_DIR; };
		FAF3DEA32AD3C1EE00125D48 /* AppDelegate.swift */ = {isa = PBXFileReference; lastKnownFileType = sourcecode.swift; path = AppDelegate.swift; sourceTree = "<group>"; };
		FAF3DEA52AD3C1EE00125D48 /* SceneDelegate.swift */ = {isa = PBXFileReference; lastKnownFileType = sourcecode.swift; path = SceneDelegate.swift; sourceTree = "<group>"; };
		FAF3DEA72AD3C1EE00125D48 /* ViewController.swift */ = {isa = PBXFileReference; lastKnownFileType = sourcecode.swift; path = ViewController.swift; sourceTree = "<group>"; };
		FAF3DEAA2AD3C1EE00125D48 /* Base */ = {isa = PBXFileReference; lastKnownFileType = file.storyboard; name = Base; path = Base.lproj/Main.storyboard; sourceTree = "<group>"; };
		FAF3DEAD2AD3C1EE00125D48 /* CoreDataDemo_iOS.xcdatamodel */ = {isa = PBXFileReference; lastKnownFileType = wrapper.xcdatamodel; path = CoreDataDemo_iOS.xcdatamodel; sourceTree = "<group>"; };
		FAF3DEAF2AD3C1F000125D48 /* Assets.xcassets */ = {isa = PBXFileReference; lastKnownFileType = folder.assetcatalog; path = Assets.xcassets; sourceTree = "<group>"; };
		FAF3DEB22AD3C1F000125D48 /* Base */ = {isa = PBXFileReference; lastKnownFileType = file.storyboard; name = Base; path = Base.lproj/LaunchScreen.storyboard; sourceTree = "<group>"; };
		FAF3DEB42AD3C1F000125D48 /* Info.plist */ = {isa = PBXFileReference; lastKnownFileType = text.plist.xml; path = Info.plist; sourceTree = "<group>"; };
		FAF3DEB92AD3C1F000125D48 /* CoreDataDemo-iOSTests.xctest */ = {isa = PBXFileReference; explicitFileType = wrapper.cfbundle; includeInIndex = 0; path = "CoreDataDemo-iOSTests.xctest"; sourceTree = BUILT_PRODUCTS_DIR; };
		FAF3DEBD2AD3C1F000125D48 /* CoreDataDemo_iOSTests.swift */ = {isa = PBXFileReference; lastKnownFileType = sourcecode.swift; path = CoreDataDemo_iOSTests.swift; sourceTree = "<group>"; };
		FAF3DEC32AD3C1F000125D48 /* CoreDataDemo-iOSUITests.xctest */ = {isa = PBXFileReference; explicitFileType = wrapper.cfbundle; includeInIndex = 0; path = "CoreDataDemo-iOSUITests.xctest"; sourceTree = BUILT_PRODUCTS_DIR; };
		FAF3DEC72AD3C1F000125D48 /* CoreDataDemo_iOSUITests.swift */ = {isa = PBXFileReference; lastKnownFileType = sourcecode.swift; path = CoreDataDemo_iOSUITests.swift; sourceTree = "<group>"; };
		FAF3DEC92AD3C1F000125D48 /* CoreDataDemo_iOSUITestsLaunchTests.swift */ = {isa = PBXFileReference; lastKnownFileType = sourcecode.swift; path = CoreDataDemo_iOSUITestsLaunchTests.swift; sourceTree = "<group>"; };
/* End PBXFileReference section */

/* Begin PBXFrameworksBuildPhase section */
		FAF3DE9D2AD3C1EE00125D48 /* Frameworks */ = {
			isa = PBXFrameworksBuildPhase;
			buildActionMask = 2147483647;
			files = (
			);
			runOnlyForDeploymentPostprocessing = 0;
		};
		FAF3DEB62AD3C1F000125D48 /* Frameworks */ = {
			isa = PBXFrameworksBuildPhase;
			buildActionMask = 2147483647;
			files = (
			);
			runOnlyForDeploymentPostprocessing = 0;
		};
		FAF3DEC02AD3C1F000125D48 /* Frameworks */ = {
			isa = PBXFrameworksBuildPhase;
			buildActionMask = 2147483647;
			files = (
			);
			runOnlyForDeploymentPostprocessing = 0;
		};
/* End PBXFrameworksBuildPhase section */

/* Begin PBXGroup section */
		FA5E85032ADF9C8C0025A10F /* CoreData */ = {
			isa = PBXGroup;
			children = (
				FA5E84FE2ADF9BFB0025A10F /* Person+CoreDataClass.swift */,
				FA5E84FF2ADF9BFB0025A10F /* Person+CoreDataProperties.swift */,
			);
			path = CoreData;
			sourceTree = "<group>";
		};
		FAF3DE972AD3C1EE00125D48 = {
			isa = PBXGroup;
			children = (
				FAF3DEA22AD3C1EE00125D48 /* CoreDataDemo-iOS */,
				FAF3DEBC2AD3C1F000125D48 /* CoreDataDemo-iOSTests */,
				FAF3DEC62AD3C1F000125D48 /* CoreDataDemo-iOSUITests */,
				FAF3DEA12AD3C1EE00125D48 /* Products */,
			);
			sourceTree = "<group>";
		};
		FAF3DEA12AD3C1EE00125D48 /* Products */ = {
			isa = PBXGroup;
			children = (
				FAF3DEA02AD3C1EE00125D48 /* CoreDataDemo-iOS.app */,
				FAF3DEB92AD3C1F000125D48 /* CoreDataDemo-iOSTests.xctest */,
				FAF3DEC32AD3C1F000125D48 /* CoreDataDemo-iOSUITests.xctest */,
			);
			name = Products;
			sourceTree = "<group>";
		};
		FAF3DEA22AD3C1EE00125D48 /* CoreDataDemo-iOS */ = {
			isa = PBXGroup;
			children = (
				FAF3DEA32AD3C1EE00125D48 /* AppDelegate.swift */,
				FA5E85032ADF9C8C0025A10F /* CoreData */,
				FAF3DEA52AD3C1EE00125D48 /* SceneDelegate.swift */,
				FA5E85042ADFA0B40025A10F /* TableViewCell.swift */,
				FAF3DEA72AD3C1EE00125D48 /* ViewController.swift */,
				FAF3DEA92AD3C1EE00125D48 /* Main.storyboard */,
				FAF3DEAF2AD3C1F000125D48 /* Assets.xcassets */,
				FAF3DEB12AD3C1F000125D48 /* LaunchScreen.storyboard */,
				FAF3DEB42AD3C1F000125D48 /* Info.plist */,
				FAF3DEAC2AD3C1EE00125D48 /* CoreDataDemo_iOS.xcdatamodeld */,
			);
			path = "CoreDataDemo-iOS";
			sourceTree = "<group>";
		};
		FAF3DEBC2AD3C1F000125D48 /* CoreDataDemo-iOSTests */ = {
			isa = PBXGroup;
			children = (
				FAF3DEBD2AD3C1F000125D48 /* CoreDataDemo_iOSTests.swift */,
			);
			path = "CoreDataDemo-iOSTests";
			sourceTree = "<group>";
		};
		FAF3DEC62AD3C1F000125D48 /* CoreDataDemo-iOSUITests */ = {
			isa = PBXGroup;
			children = (
				FAF3DEC72AD3C1F000125D48 /* CoreDataDemo_iOSUITests.swift */,
				FAF3DEC92AD3C1F000125D48 /* CoreDataDemo_iOSUITestsLaunchTests.swift */,
			);
			path = "CoreDataDemo-iOSUITests";
			sourceTree = "<group>";
		};
/* End PBXGroup section */

/* Begin PBXNativeTarget section */
		FAF3DE9F2AD3C1EE00125D48 /* CoreDataDemo-iOS */ = {
			isa = PBXNativeTarget;
			buildConfigurationList = FAF3DECD2AD3C1F000125D48 /* Build configuration list for PBXNativeTarget "CoreDataDemo-iOS" */;
			buildPhases = (
				FAF3DE9C2AD3C1EE00125D48 /* Sources */,
				FAF3DE9D2AD3C1EE00125D48 /* Frameworks */,
				FAF3DE9E2AD3C1EE00125D48 /* Resources */,
			);
			buildRules = (
			);
			dependencies = (
			);
			name = "CoreDataDemo-iOS";
			productName = "CoreDataDemo-iOS";
			productReference = FAF3DEA02AD3C1EE00125D48 /* CoreDataDemo-iOS.app */;
			productType = "com.apple.product-type.application";
		};
		FAF3DEB82AD3C1F000125D48 /* CoreDataDemo-iOSTests */ = {
			isa = PBXNativeTarget;
			buildConfigurationList = FAF3DED02AD3C1F000125D48 /* Build configuration list for PBXNativeTarget "CoreDataDemo-iOSTests" */;
			buildPhases = (
				FAF3DEB52AD3C1F000125D48 /* Sources */,
				FAF3DEB62AD3C1F000125D48 /* Frameworks */,
				FAF3DEB72AD3C1F000125D48 /* Resources */,
			);
			buildRules = (
			);
			dependencies = (
				FAF3DEBB2AD3C1F000125D48 /* PBXTargetDependency */,
			);
			name = "CoreDataDemo-iOSTests";
			productName = "CoreDataDemo-iOSTests";
			productReference = FAF3DEB92AD3C1F000125D48 /* CoreDataDemo-iOSTests.xctest */;
			productType = "com.apple.product-type.bundle.unit-test";
		};
		FAF3DEC22AD3C1F000125D48 /* CoreDataDemo-iOSUITests */ = {
			isa = PBXNativeTarget;
			buildConfigurationList = FAF3DED32AD3C1F000125D48 /* Build configuration list for PBXNativeTarget "CoreDataDemo-iOSUITests" */;
			buildPhases = (
				FAF3DEBF2AD3C1F000125D48 /* Sources */,
				FAF3DEC02AD3C1F000125D48 /* Frameworks */,
				FAF3DEC12AD3C1F000125D48 /* Resources */,
			);
			buildRules = (
			);
			dependencies = (
				FAF3DEC52AD3C1F000125D48 /* PBXTargetDependency */,
			);
			name = "CoreDataDemo-iOSUITests";
			productName = "CoreDataDemo-iOSUITests";
			productReference = FAF3DEC32AD3C1F000125D48 /* CoreDataDemo-iOSUITests.xctest */;
			productType = "com.apple.product-type.bundle.ui-testing";
		};
/* End PBXNativeTarget section */

/* Begin PBXProject section */
		FAF3DE982AD3C1EE00125D48 /* Project object */ = {
			isa = PBXProject;
			attributes = {
				BuildIndependentTargetsInParallel = 1;
				LastSwiftUpdateCheck = 1500;
				LastUpgradeCheck = 1500;
				TargetAttributes = {
					FAF3DE9F2AD3C1EE00125D48 = {
						CreatedOnToolsVersion = 15.0;
					};
					FAF3DEB82AD3C1F000125D48 = {
						CreatedOnToolsVersion = 15.0;
						TestTargetID = FAF3DE9F2AD3C1EE00125D48;
					};
					FAF3DEC22AD3C1F000125D48 = {
						CreatedOnToolsVersion = 15.0;
						TestTargetID = FAF3DE9F2AD3C1EE00125D48;
					};
				};
			};
			buildConfigurationList = FAF3DE9B2AD3C1EE00125D48 /* Build configuration list for PBXProject "CoreDataDemo-iOS" */;
			compatibilityVersion = "Xcode 14.0";
			developmentRegion = en;
			hasScannedForEncodings = 0;
			knownRegions = (
				en,
				Base,
			);
			mainGroup = FAF3DE972AD3C1EE00125D48;
			productRefGroup = FAF3DEA12AD3C1EE00125D48 /* Products */;
			projectDirPath = "";
			projectRoot = "";
			targets = (
				FAF3DE9F2AD3C1EE00125D48 /* CoreDataDemo-iOS */,
				FAF3DEB82AD3C1F000125D48 /* CoreDataDemo-iOSTests */,
				FAF3DEC22AD3C1F000125D48 /* CoreDataDemo-iOSUITests */,
			);
		};
/* End PBXProject section */

/* Begin PBXResourcesBuildPhase section */
		FAF3DE9E2AD3C1EE00125D48 /* Resources */ = {
			isa = PBXResourcesBuildPhase;
			buildActionMask = 2147483647;
			files = (
				FAF3DEB32AD3C1F000125D48 /* LaunchScreen.storyboard in Resources */,
				FAF3DEB02AD3C1F000125D48 /* Assets.xcassets in Resources */,
				FAF3DEAB2AD3C1EE00125D48 /* Main.storyboard in Resources */,
			);
			runOnlyForDeploymentPostprocessing = 0;
		};
		FAF3DEB72AD3C1F000125D48 /* Resources */ = {
			isa = PBXResourcesBuildPhase;
			buildActionMask = 2147483647;
			files = (
			);
			runOnlyForDeploymentPostprocessing = 0;
		};
		FAF3DEC12AD3C1F000125D48 /* Resources */ = {
			isa = PBXResourcesBuildPhase;
			buildActionMask = 2147483647;
			files = (
			);
			runOnlyForDeploymentPostprocessing = 0;
		};
/* End PBXResourcesBuildPhase section */

/* Begin PBXSourcesBuildPhase section */
		FAF3DE9C2AD3C1EE00125D48 /* Sources */ = {
			isa = PBXSourcesBuildPhase;
			buildActionMask = 2147483647;
			files = (
				FAF3DEA82AD3C1EE00125D48 /* ViewController.swift in Sources */,
				FAF3DEA42AD3C1EE00125D48 /* AppDelegate.swift in Sources */,
				FA5E85012ADF9BFB0025A10F /* Person+CoreDataProperties.swift in Sources */,
				FA5E85002ADF9BFB0025A10F /* Person+CoreDataClass.swift in Sources */,
				FAF3DEA62AD3C1EE00125D48 /* SceneDelegate.swift in Sources */,
				FA5E85052ADFA0B40025A10F /* TableViewCell.swift in Sources */,
				FAF3DEAE2AD3C1EE00125D48 /* CoreDataDemo_iOS.xcdatamodeld in Sources */,
			);
			runOnlyForDeploymentPostprocessing = 0;
		};
		FAF3DEB52AD3C1F000125D48 /* Sources */ = {
			isa = PBXSourcesBuildPhase;
			buildActionMask = 2147483647;
			files = (
				FAF3DEBE2AD3C1F000125D48 /* CoreDataDemo_iOSTests.swift in Sources */,
			);
			runOnlyForDeploymentPostprocessing = 0;
		};
		FAF3DEBF2AD3C1F000125D48 /* Sources */ = {
			isa = PBXSourcesBuildPhase;
			buildActionMask = 2147483647;
			files = (
				FAF3DECA2AD3C1F000125D48 /* CoreDataDemo_iOSUITestsLaunchTests.swift in Sources */,
				FAF3DEC82AD3C1F000125D48 /* CoreDataDemo_iOSUITests.swift in Sources */,
			);
			runOnlyForDeploymentPostprocessing = 0;
		};
/* End PBXSourcesBuildPhase section */

/* Begin PBXTargetDependency section */
		FAF3DEBB2AD3C1F000125D48 /* PBXTargetDependency */ = {
			isa = PBXTargetDependency;
			target = FAF3DE9F2AD3C1EE00125D48 /* CoreDataDemo-iOS */;
			targetProxy = FAF3DEBA2AD3C1F000125D48 /* PBXContainerItemProxy */;
		};
		FAF3DEC52AD3C1F000125D48 /* PBXTargetDependency */ = {
			isa = PBXTargetDependency;
			target = FAF3DE9F2AD3C1EE00125D48 /* CoreDataDemo-iOS */;
			targetProxy = FAF3DEC42AD3C1F000125D48 /* PBXContainerItemProxy */;
		};
/* End PBXTargetDependency section */

/* Begin PBXVariantGroup section */
		FAF3DEA92AD3C1EE00125D48 /* Main.storyboard */ = {
			isa = PBXVariantGroup;
			children = (
				FAF3DEAA2AD3C1EE00125D48 /* Base */,
			);
			name = Main.storyboard;
			sourceTree = "<group>";
		};
		FAF3DEB12AD3C1F000125D48 /* LaunchScreen.storyboard */ = {
			isa = PBXVariantGroup;
			children = (
				FAF3DEB22AD3C1F000125D48 /* Base */,
			);
			name = LaunchScreen.storyboard;
			sourceTree = "<group>";
		};
/* End PBXVariantGroup section */

/* Begin XCBuildConfiguration section */
		FAF3DECB2AD3C1F000125D48 /* Debug */ = {
			isa = XCBuildConfiguration;
			buildSettings = {
				ALWAYS_SEARCH_USER_PATHS = NO;
				ASSETCATALOG_COMPILER_GENERATE_SWIFT_ASSET_SYMBOL_EXTENSIONS = YES;
				CLANG_ANALYZER_NONNULL = YES;
				CLANG_ANALYZER_NUMBER_OBJECT_CONVERSION = YES_AGGRESSIVE;
				CLANG_CXX_LANGUAGE_STANDARD = "gnu++20";
				CLANG_ENABLE_MODULES = YES;
				CLANG_ENABLE_OBJC_ARC = YES;
				CLANG_ENABLE_OBJC_WEAK = YES;
				CLANG_WARN_BLOCK_CAPTURE_AUTORELEASING = YES;
				CLANG_WARN_BOOL_CONVERSION = YES;
				CLANG_WARN_COMMA = YES;
				CLANG_WARN_CONSTANT_CONVERSION = YES;
				CLANG_WARN_DEPRECATED_OBJC_IMPLEMENTATIONS = YES;
				CLANG_WARN_DIRECT_OBJC_ISA_USAGE = YES_ERROR;
				CLANG_WARN_DOCUMENTATION_COMMENTS = YES;
				CLANG_WARN_EMPTY_BODY = YES;
				CLANG_WARN_ENUM_CONVERSION = YES;
				CLANG_WARN_INFINITE_RECURSION = YES;
				CLANG_WARN_INT_CONVERSION = YES;
				CLANG_WARN_NON_LITERAL_NULL_CONVERSION = YES;
				CLANG_WARN_OBJC_IMPLICIT_RETAIN_SELF = YES;
				CLANG_WARN_OBJC_LITERAL_CONVERSION = YES;
				CLANG_WARN_OBJC_ROOT_CLASS = YES_ERROR;
				CLANG_WARN_QUOTED_INCLUDE_IN_FRAMEWORK_HEADER = YES;
				CLANG_WARN_RANGE_LOOP_ANALYSIS = YES;
				CLANG_WARN_STRICT_PROTOTYPES = YES;
				CLANG_WARN_SUSPICIOUS_MOVE = YES;
				CLANG_WARN_UNGUARDED_AVAILABILITY = YES_AGGRESSIVE;
				CLANG_WARN_UNREACHABLE_CODE = YES;
				CLANG_WARN__DUPLICATE_METHOD_MATCH = YES;
				COPY_PHASE_STRIP = NO;
				DEBUG_INFORMATION_FORMAT = dwarf;
				ENABLE_STRICT_OBJC_MSGSEND = YES;
				ENABLE_TESTABILITY = YES;
				ENABLE_USER_SCRIPT_SANDBOXING = YES;
				GCC_C_LANGUAGE_STANDARD = gnu17;
				GCC_DYNAMIC_NO_PIC = NO;
				GCC_NO_COMMON_BLOCKS = YES;
				GCC_OPTIMIZATION_LEVEL = 0;
				GCC_PREPROCESSOR_DEFINITIONS = (
					"DEBUG=1",
					"$(inherited)",
				);
				GCC_WARN_64_TO_32_BIT_CONVERSION = YES;
				GCC_WARN_ABOUT_RETURN_TYPE = YES_ERROR;
				GCC_WARN_UNDECLARED_SELECTOR = YES;
				GCC_WARN_UNINITIALIZED_AUTOS = YES_AGGRESSIVE;
				GCC_WARN_UNUSED_FUNCTION = YES;
				GCC_WARN_UNUSED_VARIABLE = YES;
				IPHONEOS_DEPLOYMENT_TARGET = 17.0;
				LOCALIZATION_PREFERS_STRING_CATALOGS = YES;
				MTL_ENABLE_DEBUG_INFO = INCLUDE_SOURCE;
				MTL_FAST_MATH = YES;
				ONLY_ACTIVE_ARCH = YES;
				SDKROOT = iphoneos;
				SWIFT_ACTIVE_COMPILATION_CONDITIONS = "DEBUG $(inherited)";
				SWIFT_OPTIMIZATION_LEVEL = "-Onone";
			};
			name = Debug;
		};
		FAF3DECC2AD3C1F000125D48 /* Release */ = {
			isa = XCBuildConfiguration;
			buildSettings = {
				ALWAYS_SEARCH_USER_PATHS = NO;
				ASSETCATALOG_COMPILER_GENERATE_SWIFT_ASSET_SYMBOL_EXTENSIONS = YES;
				CLANG_ANALYZER_NONNULL = YES;
				CLANG_ANALYZER_NUMBER_OBJECT_CONVERSION = YES_AGGRESSIVE;
				CLANG_CXX_LANGUAGE_STANDARD = "gnu++20";
				CLANG_ENABLE_MODULES = YES;
				CLANG_ENABLE_OBJC_ARC = YES;
				CLANG_ENABLE_OBJC_WEAK = YES;
				CLANG_WARN_BLOCK_CAPTURE_AUTORELEASING = YES;
				CLANG_WARN_BOOL_CONVERSION = YES;
				CLANG_WARN_COMMA = YES;
				CLANG_WARN_CONSTANT_CONVERSION = YES;
				CLANG_WARN_DEPRECATED_OBJC_IMPLEMENTATIONS = YES;
				CLANG_WARN_DIRECT_OBJC_ISA_USAGE = YES_ERROR;
				CLANG_WARN_DOCUMENTATION_COMMENTS = YES;
				CLANG_WARN_EMPTY_BODY = YES;
				CLANG_WARN_ENUM_CONVERSION = YES;
				CLANG_WARN_INFINITE_RECURSION = YES;
				CLANG_WARN_INT_CONVERSION = YES;
				CLANG_WARN_NON_LITERAL_NULL_CONVERSION = YES;
				CLANG_WARN_OBJC_IMPLICIT_RETAIN_SELF = YES;
				CLANG_WARN_OBJC_LITERAL_CONVERSION = YES;
				CLANG_WARN_OBJC_ROOT_CLASS = YES_ERROR;
				CLANG_WARN_QUOTED_INCLUDE_IN_FRAMEWORK_HEADER = YES;
				CLANG_WARN_RANGE_LOOP_ANALYSIS = YES;
				CLANG_WARN_STRICT_PROTOTYPES = YES;
				CLANG_WARN_SUSPICIOUS_MOVE = YES;
				CLANG_WARN_UNGUARDED_AVAILABILITY = YES_AGGRESSIVE;
				CLANG_WARN_UNREACHABLE_CODE = YES;
				CLANG_WARN__DUPLICATE_METHOD_MATCH = YES;
				COPY_PHASE_STRIP = NO;
				DEBUG_INFORMATION_FORMAT = "dwarf-with-dsym";
				ENABLE_NS_ASSERTIONS = NO;
				ENABLE_STRICT_OBJC_MSGSEND = YES;
				ENABLE_USER_SCRIPT_SANDBOXING = YES;
				GCC_C_LANGUAGE_STANDARD = gnu17;
				GCC_NO_COMMON_BLOCKS = YES;
				GCC_WARN_64_TO_32_BIT_CONVERSION = YES;
				GCC_WARN_ABOUT_RETURN_TYPE = YES_ERROR;
				GCC_WARN_UNDECLARED_SELECTOR = YES;
				GCC_WARN_UNINITIALIZED_AUTOS = YES_AGGRESSIVE;
				GCC_WARN_UNUSED_FUNCTION = YES;
				GCC_WARN_UNUSED_VARIABLE = YES;
				IPHONEOS_DEPLOYMENT_TARGET = 17.0;
				LOCALIZATION_PREFERS_STRING_CATALOGS = YES;
				MTL_ENABLE_DEBUG_INFO = NO;
				MTL_FAST_MATH = YES;
				SDKROOT = iphoneos;
				SWIFT_COMPILATION_MODE = wholemodule;
				VALIDATE_PRODUCT = YES;
			};
			name = Release;
		};
		FAF3DECE2AD3C1F000125D48 /* Debug */ = {
			isa = XCBuildConfiguration;
			buildSettings = {
				ASSETCATALOG_COMPILER_APPICON_NAME = AppIcon;
				ASSETCATALOG_COMPILER_GLOBAL_ACCENT_COLOR_NAME = AccentColor;
				CODE_SIGN_STYLE = Automatic;
				CURRENT_PROJECT_VERSION = 1;
				DEVELOPMENT_TEAM = 22J8924S27;
				GENERATE_INFOPLIST_FILE = YES;
				INFOPLIST_FILE = "CoreDataDemo-iOS/Info.plist";
				INFOPLIST_KEY_UIApplicationSupportsIndirectInputEvents = YES;
				INFOPLIST_KEY_UILaunchStoryboardName = LaunchScreen;
				INFOPLIST_KEY_UIMainStoryboardFile = Main;
				INFOPLIST_KEY_UISupportedInterfaceOrientations_iPad = "UIInterfaceOrientationPortrait UIInterfaceOrientationPortraitUpsideDown UIInterfaceOrientationLandscapeLeft UIInterfaceOrientationLandscapeRight";
				INFOPLIST_KEY_UISupportedInterfaceOrientations_iPhone = "UIInterfaceOrientationPortrait UIInterfaceOrientationLandscapeLeft UIInterfaceOrientationLandscapeRight";
				IPHONEOS_DEPLOYMENT_TARGET = 14.0;
				LD_RUNPATH_SEARCH_PATHS = (
					"$(inherited)",
					"@executable_path/Frameworks",
				);
				MARKETING_VERSION = 1.0;
				PRODUCT_BUNDLE_IDENTIFIER = "com.chhan.CoreDataDemo-iOS";
				PRODUCT_NAME = "$(TARGET_NAME)";
				SWIFT_EMIT_LOC_STRINGS = YES;
				SWIFT_VERSION = 5.0;
				TARGETED_DEVICE_FAMILY = "1,2";
			};
			name = Debug;
		};
		FAF3DECF2AD3C1F000125D48 /* Release */ = {
			isa = XCBuildConfiguration;
			buildSettings = {
				ASSETCATALOG_COMPILER_APPICON_NAME = AppIcon;
				ASSETCATALOG_COMPILER_GLOBAL_ACCENT_COLOR_NAME = AccentColor;
				CODE_SIGN_STYLE = Automatic;
				CURRENT_PROJECT_VERSION = 1;
				DEVELOPMENT_TEAM = 22J8924S27;
				GENERATE_INFOPLIST_FILE = YES;
				INFOPLIST_FILE = "CoreDataDemo-iOS/Info.plist";
				INFOPLIST_KEY_UIApplicationSupportsIndirectInputEvents = YES;
				INFOPLIST_KEY_UILaunchStoryboardName = LaunchScreen;
				INFOPLIST_KEY_UIMainStoryboardFile = Main;
				INFOPLIST_KEY_UISupportedInterfaceOrientations_iPad = "UIInterfaceOrientationPortrait UIInterfaceOrientationPortraitUpsideDown UIInterfaceOrientationLandscapeLeft UIInterfaceOrientationLandscapeRight";
				INFOPLIST_KEY_UISupportedInterfaceOrientations_iPhone = "UIInterfaceOrientationPortrait UIInterfaceOrientationLandscapeLeft UIInterfaceOrientationLandscapeRight";
				IPHONEOS_DEPLOYMENT_TARGET = 14.0;
				LD_RUNPATH_SEARCH_PATHS = (
					"$(inherited)",
					"@executable_path/Frameworks",
				);
				MARKETING_VERSION = 1.0;
				PRODUCT_BUNDLE_IDENTIFIER = "com.chhan.CoreDataDemo-iOS";
				PRODUCT_NAME = "$(TARGET_NAME)";
				SWIFT_EMIT_LOC_STRINGS = YES;
				SWIFT_VERSION = 5.0;
				TARGETED_DEVICE_FAMILY = "1,2";
			};
			name = Release;
		};
		FAF3DED12AD3C1F000125D48 /* Debug */ = {
			isa = XCBuildConfiguration;
			buildSettings = {
				ALWAYS_EMBED_SWIFT_STANDARD_LIBRARIES = YES;
				BUNDLE_LOADER = "$(TEST_HOST)";
				CODE_SIGN_STYLE = Automatic;
				CURRENT_PROJECT_VERSION = 1;
				DEVELOPMENT_TEAM = 22J8924S27;
				GENERATE_INFOPLIST_FILE = YES;
				IPHONEOS_DEPLOYMENT_TARGET = 17.0;
				MARKETING_VERSION = 1.0;
				PRODUCT_BUNDLE_IDENTIFIER = "com.chhan.CoreDataDemo-iOSTests";
				PRODUCT_NAME = "$(TARGET_NAME)";
				SWIFT_EMIT_LOC_STRINGS = NO;
				SWIFT_VERSION = 5.0;
				TARGETED_DEVICE_FAMILY = "1,2";
				TEST_HOST = "$(BUILT_PRODUCTS_DIR)/CoreDataDemo-iOS.app/$(BUNDLE_EXECUTABLE_FOLDER_PATH)/CoreDataDemo-iOS";
			};
			name = Debug;
		};
		FAF3DED22AD3C1F000125D48 /* Release */ = {
			isa = XCBuildConfiguration;
			buildSettings = {
				ALWAYS_EMBED_SWIFT_STANDARD_LIBRARIES = YES;
				BUNDLE_LOADER = "$(TEST_HOST)";
				CODE_SIGN_STYLE = Automatic;
				CURRENT_PROJECT_VERSION = 1;
				DEVELOPMENT_TEAM = 22J8924S27;
				GENERATE_INFOPLIST_FILE = YES;
				IPHONEOS_DEPLOYMENT_TARGET = 17.0;
				MARKETING_VERSION = 1.0;
				PRODUCT_BUNDLE_IDENTIFIER = "com.chhan.CoreDataDemo-iOSTests";
				PRODUCT_NAME = "$(TARGET_NAME)";
				SWIFT_EMIT_LOC_STRINGS = NO;
				SWIFT_VERSION = 5.0;
				TARGETED_DEVICE_FAMILY = "1,2";
				TEST_HOST = "$(BUILT_PRODUCTS_DIR)/CoreDataDemo-iOS.app/$(BUNDLE_EXECUTABLE_FOLDER_PATH)/CoreDataDemo-iOS";
			};
			name = Release;
		};
		FAF3DED42AD3C1F000125D48 /* Debug */ = {
			isa = XCBuildConfiguration;
			buildSettings = {
				ALWAYS_EMBED_SWIFT_STANDARD_LIBRARIES = YES;
				CODE_SIGN_STYLE = Automatic;
				CURRENT_PROJECT_VERSION = 1;
				DEVELOPMENT_TEAM = 22J8924S27;
				GENERATE_INFOPLIST_FILE = YES;
				MARKETING_VERSION = 1.0;
				PRODUCT_BUNDLE_IDENTIFIER = "com.chhan.CoreDataDemo-iOSUITests";
				PRODUCT_NAME = "$(TARGET_NAME)";
				SWIFT_EMIT_LOC_STRINGS = NO;
				SWIFT_VERSION = 5.0;
				TARGETED_DEVICE_FAMILY = "1,2";
				TEST_TARGET_NAME = "CoreDataDemo-iOS";
			};
			name = Debug;
		};
		FAF3DED52AD3C1F000125D48 /* Release */ = {
			isa = XCBuildConfiguration;
			buildSettings = {
				ALWAYS_EMBED_SWIFT_STANDARD_LIBRARIES = YES;
				CODE_SIGN_STYLE = Automatic;
				CURRENT_PROJECT_VERSION = 1;
				DEVELOPMENT_TEAM = 22J8924S27;
				GENERATE_INFOPLIST_FILE = YES;
				MARKETING_VERSION = 1.0;
				PRODUCT_BUNDLE_IDENTIFIER = "com.chhan.CoreDataDemo-iOSUITests";
				PRODUCT_NAME = "$(TARGET_NAME)";
				SWIFT_EMIT_LOC_STRINGS = NO;
				SWIFT_VERSION = 5.0;
				TARGETED_DEVICE_FAMILY = "1,2";
				TEST_TARGET_NAME = "CoreDataDemo-iOS";
			};
			name = Release;
		};
/* End XCBuildConfiguration section */

/* Begin XCConfigurationList section */
		FAF3DE9B2AD3C1EE00125D48 /* Build configuration list for PBXProject "CoreDataDemo-iOS" */ = {
			isa = XCConfigurationList;
			buildConfigurations = (
				FAF3DECB2AD3C1F000125D48 /* Debug */,
				FAF3DECC2AD3C1F000125D48 /* Release */,
			);
			defaultConfigurationIsVisible = 0;
			defaultConfigurationName = Release;
		};
		FAF3DECD2AD3C1F000125D48 /* Build configuration list for PBXNativeTarget "CoreDataDemo-iOS" */ = {
			isa = XCConfigurationList;
			buildConfigurations = (
				FAF3DECE2AD3C1F000125D48 /* Debug */,
				FAF3DECF2AD3C1F000125D48 /* Release */,
			);
			defaultConfigurationIsVisible = 0;
			defaultConfigurationName = Release;
		};
		FAF3DED02AD3C1F000125D48 /* Build configuration list for PBXNativeTarget "CoreDataDemo-iOSTests" */ = {
			isa = XCConfigurationList;
			buildConfigurations = (
				FAF3DED12AD3C1F000125D48 /* Debug */,
				FAF3DED22AD3C1F000125D48 /* Release */,
			);
			defaultConfigurationIsVisible = 0;
			defaultConfigurationName = Release;
		};
		FAF3DED32AD3C1F000125D48 /* Build configuration list for PBXNativeTarget "CoreDataDemo-iOSUITests" */ = {
			isa = XCConfigurationList;
			buildConfigurations = (
				FAF3DED42AD3C1F000125D48 /* Debug */,
				FAF3DED52AD3C1F000125D48 /* Release */,
			);
			defaultConfigurationIsVisible = 0;
			defaultConfigurationName = Release;
		};
/* End XCConfigurationList section */

/* Begin XCVersionGroup section */
		FAF3DEAC2AD3C1EE00125D48 /* CoreDataDemo_iOS.xcdatamodeld */ = {
			isa = XCVersionGroup;
			children = (
				FAF3DEAD2AD3C1EE00125D48 /* CoreDataDemo_iOS.xcdatamodel */,
			);
			currentVersion = FAF3DEAD2AD3C1EE00125D48 /* CoreDataDemo_iOS.xcdatamodel */;
			path = CoreDataDemo_iOS.xcdatamodeld;
			sourceTree = "<group>";
			versionGroupType = wrapper.xcdatamodel;
		};
/* End XCVersionGroup section */
	};
	rootObject = FAF3DE982AD3C1EE00125D48 /* Project object */;
}
